
Microsoft Visual Studio Solution File, Format Version 12.00
# Visual Studio Version 16
VisualStudioVersion = 16.0.29806.167
MinimumVisualStudioVersion = 10.0.40219.1
Project("{9A19103F-16F7-4668-BE54-9A1E7A4F7556}") = "CustomKeyboardProject", "CustomKeyboardProject\CustomKeyboardProject.csproj", "{2196C43A-0AAA-40B3-81DF-80713FD9972B}"
EndProject
Project("{8BC9CEB8-8B4A-11D0-8D11-00A0C91BC942}") = "Sketch1", "Firmware\Sketch1\Sketch1.vcxproj", "{C5F80730-F44F-4478-BDAE-6634EFC2CA88}"
EndProject
Global
	GlobalSection(SolutionConfigurationPlatforms) = preSolution
		Debug|Any CPU = Debug|Any CPU
		Debug|x86 = Debug|x86
		Release|Any CPU = Release|Any CPU
		Release|x86 = Release|x86
	EndGlobalSection
	GlobalSection(ProjectConfigurationPlatforms) = postSolution
		{2196C43A-0AAA-40B3-81DF-80713FD9972B}.Debug|Any CPU.ActiveCfg = Debug|Any CPU
		{2196C43A-0AAA-40B3-81DF-80713FD9972B}.Debug|Any CPU.Build.0 = Debug|Any CPU
		{2196C43A-0AAA-40B3-81DF-80713FD9972B}.Debug|x86.ActiveCfg = Debug|Any CPU
		{2196C43A-0AAA-40B3-81DF-80713FD9972B}.Debug|x86.Build.0 = Debug|Any CPU
		{2196C43A-0AAA-40B3-81DF-80713FD9972B}.Release|Any CPU.ActiveCfg = Release|Any CPU
		{2196C43A-0AAA-40B3-81DF-80713FD9972B}.Release|Any CPU.Build.0 = Release|Any CPU
		{2196C43A-0AAA-40B3-81DF-80713FD9972B}.Release|x86.ActiveCfg = Release|Any CPU
		{2196C43A-0AAA-40B3-81DF-80713FD9972B}.Release|x86.Build.0 = Release|Any CPU
		{C5F80730-F44F-4478-BDAE-6634EFC2CA88}.Debug|Any CPU.ActiveCfg = Debug|Win32
		{C5F80730-F44F-4478-BDAE-6634EFC2CA88}.Debug|x86.ActiveCfg = Debug|Win32
		{C5F80730-F44F-4478-BDAE-6634EFC2CA88}.Debug|x86.Build.0 = Debug|Win32
		{C5F80730-F44F-4478-BDAE-6634EFC2CA88}.Release|Any CPU.ActiveCfg = Release|Win32
		{C5F80730-F44F-4478-BDAE-6634EFC2CA88}.Release|x86.ActiveCfg = Release|Win32
		{C5F80730-F44F-4478-BDAE-6634EFC2CA88}.Release|x86.Build.0 = Release|Win32
	EndGlobalSection
	GlobalSection(SolutionProperties) = preSolution
		HideSolutionNode = FALSE
	EndGlobalSection
	GlobalSection(ExtensibilityGlobals) = postSolution
		SolutionGuid = {05C6150C-384E-4B9A-8071-802148D3DA82}
	EndGlobalSection
EndGlobal
